
Microsoft Visual Studio Solution File, Format Version 12.00
# Visual Studio Version 17
VisualStudioVersion = 17.7.34031.279
MinimumVisualStudioVersion = 10.0.40219.1
Project("{9A19103F-16F7-4668-BE54-9A1E7A4F7556}") = "InertGas", "InertGas\InertGas.csproj", "{EF02ED08-AF24-4DF1-9EC4-3746359DAE3F}"
EndProject
Project("{9A19103F-16F7-4668-BE54-9A1E7A4F7556}") = "Common", "Common\Common.csproj", "{89065BD4-A9CF-4EB6-9F64-B2F515C2F91E}"
EndProject
Project("{9A19103F-16F7-4668-BE54-9A1E7A4F7556}") = "DataBase", "DataBase\DataBase.csproj", "{64422B49-4A18-462B-ABA2-A4708FC00DDC}"
EndProject
Project("{9A19103F-16F7-4668-BE54-9A1E7A4F7556}") = "HeatingBox", "HeatingBox\HeatingBox.csproj", "{64AF7FC3-F72E-4306-AA62-E43436C007B4}"
EndProject
Project("{9A19103F-16F7-4668-BE54-9A1E7A4F7556}") = "FlowMeter", "FlowMeter\FlowMeter.csproj", "{C4C2A94C-4127-4097-8719-DF5E2FE83CEC}"
EndProject
Project("{2150E333-8FDC-42A3-9474-1A3956D46DE8}") = "Hardware", "Hardware", "{4A884B25-B7AD-40AB-8D27-5C677C7A60C8}"
EndProject
Project("{9A19103F-16F7-4668-BE54-9A1E7A4F7556}") = "PLC", "Plc\PLC.csproj", "{BE28C3D6-3AC5-45A8-918C-A0F31D75419D}"
EndProject
Global
	GlobalSection(SolutionConfigurationPlatforms) = preSolution
		Debug|Any CPU = Debug|Any CPU
		Debug|x64 = Debug|x64
		Release|Any CPU = Release|Any CPU
		Release|x64 = Release|x64
	EndGlobalSection
	GlobalSection(ProjectConfigurationPlatforms) = postSolution
		{EF02ED08-AF24-4DF1-9EC4-3746359DAE3F}.Debug|Any CPU.ActiveCfg = Debug|x64
		{EF02ED08-AF24-4DF1-9EC4-3746359DAE3F}.Debug|Any CPU.Build.0 = Debug|x64
		{EF02ED08-AF24-4DF1-9EC4-3746359DAE3F}.Debug|x64.ActiveCfg = Debug|x64
		{EF02ED08-AF24-4DF1-9EC4-3746359DAE3F}.Debug|x64.Build.0 = Debug|x64
		{EF02ED08-AF24-4DF1-9EC4-3746359DAE3F}.Release|Any CPU.ActiveCfg = Release|x64
		{EF02ED08-AF24-4DF1-9EC4-3746359DAE3F}.Release|Any CPU.Build.0 = Release|x64
		{EF02ED08-AF24-4DF1-9EC4-3746359DAE3F}.Release|x64.ActiveCfg = Release|x64
		{EF02ED08-AF24-4DF1-9EC4-3746359DAE3F}.Release|x64.Build.0 = Release|x64
		{89065BD4-A9CF-4EB6-9F64-B2F515C2F91E}.Debug|Any CPU.ActiveCfg = Debug|x64
		{89065BD4-A9CF-4EB6-9F64-B2F515C2F91E}.Debug|Any CPU.Build.0 = Debug|x64
		{89065BD4-A9CF-4EB6-9F64-B2F515C2F91E}.Debug|x64.ActiveCfg = Debug|x64
		{89065BD4-A9CF-4EB6-9F64-B2F515C2F91E}.Debug|x64.Build.0 = Debug|x64
		{89065BD4-A9CF-4EB6-9F64-B2F515C2F91E}.Release|Any CPU.ActiveCfg = Release|x64
		{89065BD4-A9CF-4EB6-9F64-B2F515C2F91E}.Release|Any CPU.Build.0 = Release|x64
		{89065BD4-A9CF-4EB6-9F64-B2F515C2F91E}.Release|x64.ActiveCfg = Release|x64
		{89065BD4-A9CF-4EB6-9F64-B2F515C2F91E}.Release|x64.Build.0 = Release|x64
		{64422B49-4A18-462B-ABA2-A4708FC00DDC}.Debug|Any CPU.ActiveCfg = Debug|Any CPU
		{64422B49-4A18-462B-ABA2-A4708FC00DDC}.Debug|Any CPU.Build.0 = Debug|Any CPU
		{64422B49-4A18-462B-ABA2-A4708FC00DDC}.Debug|x64.ActiveCfg = Debug|Any CPU
		{64422B49-4A18-462B-ABA2-A4708FC00DDC}.Debug|x64.Build.0 = Debug|Any CPU
		{64422B49-4A18-462B-ABA2-A4708FC00DDC}.Release|Any CPU.ActiveCfg = Release|Any CPU
		{64422B49-4A18-462B-ABA2-A4708FC00DDC}.Release|Any CPU.Build.0 = Release|Any CPU
		{64422B49-4A18-462B-ABA2-A4708FC00DDC}.Release|x64.ActiveCfg = Release|Any CPU
		{64422B49-4A18-462B-ABA2-A4708FC00DDC}.Release|x64.Build.0 = Release|Any CPU
		{64AF7FC3-F72E-4306-AA62-E43436C007B4}.Debug|Any CPU.ActiveCfg = Debug|Any CPU
		{64AF7FC3-F72E-4306-AA62-E43436C007B4}.Debug|Any CPU.Build.0 = Debug|Any CPU
		{64AF7FC3-F72E-4306-AA62-E43436C007B4}.Debug|x64.ActiveCfg = Debug|Any CPU
		{64AF7FC3-F72E-4306-AA62-E43436C007B4}.Debug|x64.Build.0 = Debug|Any CPU
		{64AF7FC3-F72E-4306-AA62-E43436C007B4}.Release|Any CPU.ActiveCfg = Release|Any CPU
		{64AF7FC3-F72E-4306-AA62-E43436C007B4}.Release|Any CPU.Build.0 = Release|Any CPU
		{64AF7FC3-F72E-4306-AA62-E43436C007B4}.Release|x64.ActiveCfg = Release|Any CPU
		{64AF7FC3-F72E-4306-AA62-E43436C007B4}.Release|x64.Build.0 = Release|Any CPU
		{C4C2A94C-4127-4097-8719-DF5E2FE83CEC}.Debug|Any CPU.ActiveCfg = Debug|Any CPU
		{C4C2A94C-4127-4097-8719-DF5E2FE83CEC}.Debug|Any CPU.Build.0 = Debug|Any CPU
		{C4C2A94C-4127-4097-8719-DF5E2FE83CEC}.Debug|x64.ActiveCfg = Debug|Any CPU
		{C4C2A94C-4127-4097-8719-DF5E2FE83CEC}.Debug|x64.Build.0 = Debug|Any CPU
		{C4C2A94C-4127-4097-8719-DF5E2FE83CEC}.Release|Any CPU.ActiveCfg = Release|Any CPU
		{C4C2A94C-4127-4097-8719-DF5E2FE83CEC}.Release|Any CPU.Build.0 = Release|Any CPU
		{C4C2A94C-4127-4097-8719-DF5E2FE83CEC}.Release|x64.ActiveCfg = Release|Any CPU
		{C4C2A94C-4127-4097-8719-DF5E2FE83CEC}.Release|x64.Build.0 = Release|Any CPU
		{BE28C3D6-3AC5-45A8-918C-A0F31D75419D}.Debug|Any CPU.ActiveCfg = Debug|Any CPU
		{BE28C3D6-3AC5-45A8-918C-A0F31D75419D}.Debug|Any CPU.Build.0 = Debug|Any CPU
		{BE28C3D6-3AC5-45A8-918C-A0F31D75419D}.Debug|x64.ActiveCfg = Debug|Any CPU
		{BE28C3D6-3AC5-45A8-918C-A0F31D75419D}.Debug|x64.Build.0 = Debug|Any CPU
		{BE28C3D6-3AC5-45A8-918C-A0F31D75419D}.Release|Any CPU.ActiveCfg = Release|Any CPU
		{BE28C3D6-3AC5-45A8-918C-A0F31D75419D}.Release|Any CPU.Build.0 = Release|Any CPU
		{BE28C3D6-3AC5-45A8-918C-A0F31D75419D}.Release|x64.ActiveCfg = Release|Any CPU
		{BE28C3D6-3AC5-45A8-918C-A0F31D75419D}.Release|x64.Build.0 = Release|Any CPU
	EndGlobalSection
	GlobalSection(SolutionProperties) = preSolution
		HideSolutionNode = FALSE
	EndGlobalSection
	GlobalSection(NestedProjects) = preSolution
		{64AF7FC3-F72E-4306-AA62-E43436C007B4} = {4A884B25-B7AD-40AB-8D27-5C677C7A60C8}
		{C4C2A94C-4127-4097-8719-DF5E2FE83CEC} = {4A884B25-B7AD-40AB-8D27-5C677C7A60C8}
		{BE28C3D6-3AC5-45A8-918C-A0F31D75419D} = {4A884B25-B7AD-40AB-8D27-5C677C7A60C8}
	EndGlobalSection
	GlobalSection(ExtensibilityGlobals) = postSolution
		SolutionGuid = {C403E837-D12B-4EBE-8F2C-6235F5A253DC}
	EndGlobalSection
EndGlobal
